
Microsoft Visual Studio Solution File, Format Version 12.00
# Visual Studio Version 16
VisualStudioVersion = 16.0.33027.164
MinimumVisualStudioVersion = 10.0.40219.1
Project("{FAE04EC0-301F-11D3-BF4B-00C04F79EFBC}") = "UltraPayrollServer", "UltraPayrollServer.csproj", "{FACDD65B-DCEA-4EB4-8004-F520EFA2BD17}"
EndProject
Global
	GlobalSection(SolutionConfigurationPlatforms) = preSolution
		Debug|Any CPU = Debug|Any CPU
		Release|Any CPU = Release|Any CPU
	EndGlobalSection
	GlobalSection(ProjectConfigurationPlatforms) = postSolution
		{FACDD65B-DCEA-4EB4-8004-F520EFA2BD17}.Debug|Any CPU.ActiveCfg = Debug|Any CPU
		{FACDD65B-DCEA-4EB4-8004-F520EFA2BD17}.Debug|Any CPU.Build.0 = Debug|Any CPU
		{FACDD65B-DCEA-4EB4-8004-F520EFA2BD17}.Release|Any CPU.ActiveCfg = Release|Any CPU
		{FACDD65B-DCEA-4EB4-8004-F520EFA2BD17}.Release|Any CPU.Build.0 = Release|Any CPU
	EndGlobalSection
	GlobalSection(SolutionProperties) = preSolution
		HideSolutionNode = FALSE
	EndGlobalSection
	GlobalSection(ExtensibilityGlobals) = postSolution
		SolutionGuid = {C9D390DF-9B79-46BE-8D71-A642362D02F8}
	EndGlobalSection
EndGlobal
